// !$*UTF8*$!
{
	archiveVersion = 1;
	classes = {
	};
	objectVersion = 46;
	objects = {

/* Begin PBXBuildFile section */
		4B66149CC3E8DB35D5B14169 /* Pods_hitchhikr_development.framework in Frameworks */ = {isa = PBXBuildFile; fileRef = 84E5261B3995A9E51CE6254C /* Pods_hitchhikr_development.framework */; };
		A97295481F1512DF0002932C /* GradientView.swift in Sources */ = {isa = PBXBuildFile; fileRef = A97295471F1512DF0002932C /* GradientView.swift */; };
		A972954A1F15170D0002932C /* RoundImageView.swift in Sources */ = {isa = PBXBuildFile; fileRef = A97295491F15170D0002932C /* RoundImageView.swift */; };
		A972954C1F15179F0002932C /* RoundedShadowView.swift in Sources */ = {isa = PBXBuildFile; fileRef = A972954B1F15179F0002932C /* RoundedShadowView.swift */; };
		A972954E1F15186C0002932C /* CircleView.swift in Sources */ = {isa = PBXBuildFile; fileRef = A972954D1F15186C0002932C /* CircleView.swift */; };
		A97295501F151A0B0002932C /* RoundedShadowButton.swift in Sources */ = {isa = PBXBuildFile; fileRef = A972954F1F151A0B0002932C /* RoundedShadowButton.swift */; };
		A97295521F153CDF0002932C /* LeftSidePanelVC.swift in Sources */ = {isa = PBXBuildFile; fileRef = A97295511F153CDF0002932C /* LeftSidePanelVC.swift */; };
		A97295541F153D690002932C /* ContainerVC.swift in Sources */ = {isa = PBXBuildFile; fileRef = A97295531F153D690002932C /* ContainerVC.swift */; };
		A97295571F153FF60002932C /* CenterVCDelegate.swift in Sources */ = {isa = PBXBuildFile; fileRef = A97295561F153FF60002932C /* CenterVCDelegate.swift */; };
		A972955A1F157AE80002932C /* UIViewExt.swift in Sources */ = {isa = PBXBuildFile; fileRef = A97295591F157AE80002932C /* UIViewExt.swift */; };
		A972955C1F164E250002932C /* LoginVC.swift in Sources */ = {isa = PBXBuildFile; fileRef = A972955B1F164E250002932C /* LoginVC.swift */; };
		A972955E1F1651E30002932C /* RoundedCornerTextField.swift in Sources */ = {isa = PBXBuildFile; fileRef = A972955D1F1651E30002932C /* RoundedCornerTextField.swift */; };
		A97295601F16608C0002932C /* GoogleService-Info.plist in Resources */ = {isa = PBXBuildFile; fileRef = A972955F1F16608C0002932C /* GoogleService-Info.plist */; };
		A97295631F16619E0002932C /* DataService.swift in Sources */ = {isa = PBXBuildFile; fileRef = A97295621F16619E0002932C /* DataService.swift */; };
		A98EA2E51F14455300A96F11 /* AppDelegate.swift in Sources */ = {isa = PBXBuildFile; fileRef = A98EA2E41F14455300A96F11 /* AppDelegate.swift */; };
		A98EA2E71F14455300A96F11 /* HomeVC.swift in Sources */ = {isa = PBXBuildFile; fileRef = A98EA2E61F14455300A96F11 /* HomeVC.swift */; };
		A98EA2EA1F14455300A96F11 /* Main.storyboard in Resources */ = {isa = PBXBuildFile; fileRef = A98EA2E81F14455300A96F11 /* Main.storyboard */; };
		A98EA2EC1F14455300A96F11 /* Assets.xcassets in Resources */ = {isa = PBXBuildFile; fileRef = A98EA2EB1F14455300A96F11 /* Assets.xcassets */; };
		A98EA2EF1F14455300A96F11 /* LaunchScreen.storyboard in Resources */ = {isa = PBXBuildFile; fileRef = A98EA2ED1F14455300A96F11 /* LaunchScreen.storyboard */; };
/* End PBXBuildFile section */

/* Begin PBXFileReference section */
		84E5261B3995A9E51CE6254C /* Pods_hitchhikr_development.framework */ = {isa = PBXFileReference; explicitFileType = wrapper.framework; includeInIndex = 0; path = Pods_hitchhikr_development.framework; sourceTree = BUILT_PRODUCTS_DIR; };
		A97295471F1512DF0002932C /* GradientView.swift */ = {isa = PBXFileReference; fileEncoding = 4; lastKnownFileType = sourcecode.swift; path = GradientView.swift; sourceTree = "<group>"; };
		A97295491F15170D0002932C /* RoundImageView.swift */ = {isa = PBXFileReference; fileEncoding = 4; lastKnownFileType = sourcecode.swift; path = RoundImageView.swift; sourceTree = "<group>"; };
		A972954B1F15179F0002932C /* RoundedShadowView.swift */ = {isa = PBXFileReference; fileEncoding = 4; lastKnownFileType = sourcecode.swift; path = RoundedShadowView.swift; sourceTree = "<group>"; };
		A972954D1F15186C0002932C /* CircleView.swift */ = {isa = PBXFileReference; fileEncoding = 4; lastKnownFileType = sourcecode.swift; path = CircleView.swift; sourceTree = "<group>"; };
		A972954F1F151A0B0002932C /* RoundedShadowButton.swift */ = {isa = PBXFileReference; fileEncoding = 4; lastKnownFileType = sourcecode.swift; path = RoundedShadowButton.swift; sourceTree = "<group>"; };
		A97295511F153CDF0002932C /* LeftSidePanelVC.swift */ = {isa = PBXFileReference; fileEncoding = 4; lastKnownFileType = sourcecode.swift; path = LeftSidePanelVC.swift; sourceTree = "<group>"; };
		A97295531F153D690002932C /* ContainerVC.swift */ = {isa = PBXFileReference; fileEncoding = 4; lastKnownFileType = sourcecode.swift; path = ContainerVC.swift; sourceTree = "<group>"; };
		A97295561F153FF60002932C /* CenterVCDelegate.swift */ = {isa = PBXFileReference; fileEncoding = 4; lastKnownFileType = sourcecode.swift; path = CenterVCDelegate.swift; sourceTree = "<group>"; };
		A97295591F157AE80002932C /* UIViewExt.swift */ = {isa = PBXFileReference; fileEncoding = 4; lastKnownFileType = sourcecode.swift; path = UIViewExt.swift; sourceTree = "<group>"; };
		A972955B1F164E250002932C /* LoginVC.swift */ = {isa = PBXFileReference; fileEncoding = 4; lastKnownFileType = sourcecode.swift; path = LoginVC.swift; sourceTree = "<group>"; };
		A972955D1F1651E30002932C /* RoundedCornerTextField.swift */ = {isa = PBXFileReference; fileEncoding = 4; lastKnownFileType = sourcecode.swift; path = RoundedCornerTextField.swift; sourceTree = "<group>"; };
		A972955F1F16608C0002932C /* GoogleService-Info.plist */ = {isa = PBXFileReference; fileEncoding = 4; lastKnownFileType = text.plist.xml; path = "GoogleService-Info.plist"; sourceTree = "<group>"; };
		A97295621F16619E0002932C /* DataService.swift */ = {isa = PBXFileReference; fileEncoding = 4; lastKnownFileType = sourcecode.swift; path = DataService.swift; sourceTree = "<group>"; };
		A98EA2E11F14455300A96F11 /* hitchhikr-development.app */ = {isa = PBXFileReference; explicitFileType = wrapper.application; includeInIndex = 0; path = "hitchhikr-development.app"; sourceTree = BUILT_PRODUCTS_DIR; };
		A98EA2E41F14455300A96F11 /* AppDelegate.swift */ = {isa = PBXFileReference; lastKnownFileType = sourcecode.swift; path = AppDelegate.swift; sourceTree = "<group>"; };
		A98EA2E61F14455300A96F11 /* HomeVC.swift */ = {isa = PBXFileReference; lastKnownFileType = sourcecode.swift; path = HomeVC.swift; sourceTree = "<group>"; };
		A98EA2E91F14455300A96F11 /* Base */ = {isa = PBXFileReference; lastKnownFileType = file.storyboard; name = Base; path = Base.lproj/Main.storyboard; sourceTree = "<group>"; };
		A98EA2EB1F14455300A96F11 /* Assets.xcassets */ = {isa = PBXFileReference; lastKnownFileType = folder.assetcatalog; path = Assets.xcassets; sourceTree = "<group>"; };
		A98EA2EE1F14455300A96F11 /* Base */ = {isa = PBXFileReference; lastKnownFileType = file.storyboard; name = Base; path = Base.lproj/LaunchScreen.storyboard; sourceTree = "<group>"; };
		A98EA2F01F14455300A96F11 /* Info.plist */ = {isa = PBXFileReference; lastKnownFileType = text.plist.xml; path = Info.plist; sourceTree = "<group>"; };
		BA35AC6014605308E5913477 /* Pods-hitchhikr-development.debug.xcconfig */ = {isa = PBXFileReference; includeInIndex = 1; lastKnownFileType = text.xcconfig; name = "Pods-hitchhikr-development.debug.xcconfig"; path = "Pods/Target Support Files/Pods-hitchhikr-development/Pods-hitchhikr-development.debug.xcconfig"; sourceTree = "<group>"; };
		EC9E239546DC22A822883B2A /* Pods-hitchhikr-development.release.xcconfig */ = {isa = PBXFileReference; includeInIndex = 1; lastKnownFileType = text.xcconfig; name = "Pods-hitchhikr-development.release.xcconfig"; path = "Pods/Target Support Files/Pods-hitchhikr-development/Pods-hitchhikr-development.release.xcconfig"; sourceTree = "<group>"; };
/* End PBXFileReference section */

/* Begin PBXFrameworksBuildPhase section */
		A98EA2DE1F14455300A96F11 /* Frameworks */ = {
			isa = PBXFrameworksBuildPhase;
			buildActionMask = 2147483647;
			files = (
				4B66149CC3E8DB35D5B14169 /* Pods_hitchhikr_development.framework in Frameworks */,
			);
			runOnlyForDeploymentPostprocessing = 0;
		};
/* End PBXFrameworksBuildPhase section */

/* Begin PBXGroup section */
		34B6DDDBDA1348C5972A6EBC /* Frameworks */ = {
			isa = PBXGroup;
			children = (
				84E5261B3995A9E51CE6254C /* Pods_hitchhikr_development.framework */,
			);
			name = Frameworks;
			sourceTree = "<group>";
		};
		98BEB0D5BDC634F8A78A4A5D /* Pods */ = {
			isa = PBXGroup;
			children = (
				BA35AC6014605308E5913477 /* Pods-hitchhikr-development.debug.xcconfig */,
				EC9E239546DC22A822883B2A /* Pods-hitchhikr-development.release.xcconfig */,
			);
			name = Pods;
			sourceTree = "<group>";
		};
		A97295441F1512B60002932C /* Controller */ = {
			isa = PBXGroup;
			children = (
				A98EA2E61F14455300A96F11 /* HomeVC.swift */,
				A97295511F153CDF0002932C /* LeftSidePanelVC.swift */,
				A97295531F153D690002932C /* ContainerVC.swift */,
				A972955B1F164E250002932C /* LoginVC.swift */,
			);
			name = Controller;
			sourceTree = "<group>";
		};
		A97295451F1512C30002932C /* View */ = {
			isa = PBXGroup;
			children = (
				A97295471F1512DF0002932C /* GradientView.swift */,
				A97295491F15170D0002932C /* RoundImageView.swift */,
				A972954B1F15179F0002932C /* RoundedShadowView.swift */,
				A972954D1F15186C0002932C /* CircleView.swift */,
				A972954F1F151A0B0002932C /* RoundedShadowButton.swift */,
				A972955D1F1651E30002932C /* RoundedCornerTextField.swift */,
			);
			name = View;
			sourceTree = "<group>";
		};
		A97295461F1512C70002932C /* Model */ = {
			isa = PBXGroup;
			children = (
			);
			name = Model;
			sourceTree = "<group>";
		};
		A97295551F153FE70002932C /* Protocols */ = {
			isa = PBXGroup;
			children = (
				A97295561F153FF60002932C /* CenterVCDelegate.swift */,
			);
			name = Protocols;
			sourceTree = "<group>";
		};
		A97295581F157AD30002932C /* Extensions */ = {
			isa = PBXGroup;
			children = (
				A97295591F157AE80002932C /* UIViewExt.swift */,
			);
			name = Extensions;
			sourceTree = "<group>";
		};
		A97295611F1661920002932C /* Services */ = {
			isa = PBXGroup;
			children = (
				A97295621F16619E0002932C /* DataService.swift */,
			);
			name = Services;
			sourceTree = "<group>";
		};
		A98EA2D81F14455300A96F11 = {
			isa = PBXGroup;
			children = (
				A98EA2E31F14455300A96F11 /* hitchhikr-development */,
				A98EA2E21F14455300A96F11 /* Products */,
				98BEB0D5BDC634F8A78A4A5D /* Pods */,
				34B6DDDBDA1348C5972A6EBC /* Frameworks */,
			);
			sourceTree = "<group>";
		};
		A98EA2E21F14455300A96F11 /* Products */ = {
			isa = PBXGroup;
			children = (
				A98EA2E11F14455300A96F11 /* hitchhikr-development.app */,
			);
			name = Products;
			sourceTree = "<group>";
		};
		A98EA2E31F14455300A96F11 /* hitchhikr-development */ = {
			isa = PBXGroup;
			children = (
				A97295611F1661920002932C /* Services */,
				A97295581F157AD30002932C /* Extensions */,
				A97295551F153FE70002932C /* Protocols */,
				A97295461F1512C70002932C /* Model */,
				A97295451F1512C30002932C /* View */,
				A97295441F1512B60002932C /* Controller */,
				A98EA2E41F14455300A96F11 /* AppDelegate.swift */,
				A98EA2E81F14455300A96F11 /* Main.storyboard */,
				A98EA2EB1F14455300A96F11 /* Assets.xcassets */,
				A98EA2ED1F14455300A96F11 /* LaunchScreen.storyboard */,
				A98EA2F01F14455300A96F11 /* Info.plist */,
				A972955F1F16608C0002932C /* GoogleService-Info.plist */,
			);
			path = "hitchhikr-development";
			sourceTree = "<group>";
		};
/* End PBXGroup section */

/* Begin PBXNativeTarget section */
		A98EA2E01F14455300A96F11 /* hitchhikr-development */ = {
			isa = PBXNativeTarget;
			buildConfigurationList = A98EA2F31F14455300A96F11 /* Build configuration list for PBXNativeTarget "hitchhikr-development" */;
			buildPhases = (
				0CE16FD79D3CDC1C209BD5CD /* [CP] Check Pods Manifest.lock */,
				A98EA2DD1F14455300A96F11 /* Sources */,
				A98EA2DE1F14455300A96F11 /* Frameworks */,
				A98EA2DF1F14455300A96F11 /* Resources */,
				FCF10715D0A6AE6B3EF68B55 /* [CP] Embed Pods Frameworks */,
				19E729701081C2FB840F08D0 /* [CP] Copy Pods Resources */,
			);
			buildRules = (
			);
			dependencies = (
			);
			name = "hitchhikr-development";
			productName = "hitchhikr-development";
			productReference = A98EA2E11F14455300A96F11 /* hitchhikr-development.app */;
			productType = "com.apple.product-type.application";
		};
/* End PBXNativeTarget section */

/* Begin PBXProject section */
		A98EA2D91F14455300A96F11 /* Project object */ = {
			isa = PBXProject;
			attributes = {
				LastSwiftUpdateCheck = 0830;
				LastUpgradeCheck = 0830;
				ORGANIZATIONNAME = "Brian Lane";
				TargetAttributes = {
					A98EA2E01F14455300A96F11 = {
						CreatedOnToolsVersion = 8.3.3;
						DevelopmentTeam = LAYLS44ZM3;
						ProvisioningStyle = Automatic;
					};
				};
			};
			buildConfigurationList = A98EA2DC1F14455300A96F11 /* Build configuration list for PBXProject "hitchhikr-development" */;
			compatibilityVersion = "Xcode 3.2";
			developmentRegion = English;
			hasScannedForEncodings = 0;
			knownRegions = (
				en,
				Base,
			);
			mainGroup = A98EA2D81F14455300A96F11;
			productRefGroup = A98EA2E21F14455300A96F11 /* Products */;
			projectDirPath = "";
			projectRoot = "";
			targets = (
				A98EA2E01F14455300A96F11 /* hitchhikr-development */,
			);
		};
/* End PBXProject section */

/* Begin PBXResourcesBuildPhase section */
		A98EA2DF1F14455300A96F11 /* Resources */ = {
			isa = PBXResourcesBuildPhase;
			buildActionMask = 2147483647;
			files = (
				A98EA2EF1F14455300A96F11 /* LaunchScreen.storyboard in Resources */,
				A97295601F16608C0002932C /* GoogleService-Info.plist in Resources */,
				A98EA2EC1F14455300A96F11 /* Assets.xcassets in Resources */,
				A98EA2EA1F14455300A96F11 /* Main.storyboard in Resources */,
			);
			runOnlyForDeploymentPostprocessing = 0;
		};
/* End PBXResourcesBuildPhase section */

/* Begin PBXShellScriptBuildPhase section */
		0CE16FD79D3CDC1C209BD5CD /* [CP] Check Pods Manifest.lock */ = {
			isa = PBXShellScriptBuildPhase;
			buildActionMask = 2147483647;
			files = (
			);
			inputPaths = (
			);
			name = "[CP] Check Pods Manifest.lock";
			outputPaths = (
			);
			runOnlyForDeploymentPostprocessing = 0;
			shellPath = /bin/sh;
			shellScript = "diff \"${PODS_ROOT}/../Podfile.lock\" \"${PODS_ROOT}/Manifest.lock\" > /dev/null\nif [ $? != 0 ] ; then\n    # print error to STDERR\n    echo \"error: The sandbox is not in sync with the Podfile.lock. Run 'pod install' or update your CocoaPods installation.\" >&2\n    exit 1\nfi\n";
			showEnvVarsInLog = 0;
		};
		19E729701081C2FB840F08D0 /* [CP] Copy Pods Resources */ = {
			isa = PBXShellScriptBuildPhase;
			buildActionMask = 2147483647;
			files = (
			);
			inputPaths = (
			);
			name = "[CP] Copy Pods Resources";
			outputPaths = (
			);
			runOnlyForDeploymentPostprocessing = 0;
			shellPath = /bin/sh;
			shellScript = "\"${SRCROOT}/Pods/Target Support Files/Pods-hitchhikr-development/Pods-hitchhikr-development-resources.sh\"\n";
			showEnvVarsInLog = 0;
		};
		FCF10715D0A6AE6B3EF68B55 /* [CP] Embed Pods Frameworks */ = {
			isa = PBXShellScriptBuildPhase;
			buildActionMask = 2147483647;
			files = (
			);
			inputPaths = (
			);
			name = "[CP] Embed Pods Frameworks";
			outputPaths = (
			);
			runOnlyForDeploymentPostprocessing = 0;
			shellPath = /bin/sh;
			shellScript = "\"${SRCROOT}/Pods/Target Support Files/Pods-hitchhikr-development/Pods-hitchhikr-development-frameworks.sh\"\n";
			showEnvVarsInLog = 0;
		};
/* End PBXShellScriptBuildPhase section */

/* Begin PBXSourcesBuildPhase section */
		A98EA2DD1F14455300A96F11 /* Sources */ = {
			isa = PBXSourcesBuildPhase;
			buildActionMask = 2147483647;
			files = (
				A97295571F153FF60002932C /* CenterVCDelegate.swift in Sources */,
				A97295631F16619E0002932C /* DataService.swift in Sources */,
				A97295501F151A0B0002932C /* RoundedShadowButton.swift in Sources */,
				A972955C1F164E250002932C /* LoginVC.swift in Sources */,
				A97295521F153CDF0002932C /* LeftSidePanelVC.swift in Sources */,
				A972954E1F15186C0002932C /* CircleView.swift in Sources */,
				A97295541F153D690002932C /* ContainerVC.swift in Sources */,
				A972955A1F157AE80002932C /* UIViewExt.swift in Sources */,
				A98EA2E71F14455300A96F11 /* HomeVC.swift in Sources */,
				A972954A1F15170D0002932C /* RoundImageView.swift in Sources */,
				A972954C1F15179F0002932C /* RoundedShadowView.swift in Sources */,
				A972955E1F1651E30002932C /* RoundedCornerTextField.swift in Sources */,
				A98EA2E51F14455300A96F11 /* AppDelegate.swift in Sources */,
				A97295481F1512DF0002932C /* GradientView.swift in Sources */,
			);
			runOnlyForDeploymentPostprocessing = 0;
		};
/* End PBXSourcesBuildPhase section */

/* Begin PBXVariantGroup section */
		A98EA2E81F14455300A96F11 /* Main.storyboard */ = {
			isa = PBXVariantGroup;
			children = (
				A98EA2E91F14455300A96F11 /* Base */,
			);
			name = Main.storyboard;
			sourceTree = "<group>";
		};
		A98EA2ED1F14455300A96F11 /* LaunchScreen.storyboard */ = {
			isa = PBXVariantGroup;
			children = (
				A98EA2EE1F14455300A96F11 /* Base */,
			);
			name = LaunchScreen.storyboard;
			sourceTree = "<group>";
		};
/* End PBXVariantGroup section */

/* Begin XCBuildConfiguration section */
		A98EA2F11F14455300A96F11 /* Debug */ = {
			isa = XCBuildConfiguration;
			buildSettings = {
				ALWAYS_SEARCH_USER_PATHS = NO;
				CLANG_ANALYZER_NONNULL = YES;
				CLANG_ANALYZER_NUMBER_OBJECT_CONVERSION = YES_AGGRESSIVE;
				CLANG_CXX_LANGUAGE_STANDARD = "gnu++0x";
				CLANG_CXX_LIBRARY = "libc++";
				CLANG_ENABLE_MODULES = YES;
				CLANG_ENABLE_OBJC_ARC = YES;
				CLANG_WARN_BOOL_CONVERSION = YES;
				CLANG_WARN_CONSTANT_CONVERSION = YES;
				CLANG_WARN_DIRECT_OBJC_ISA_USAGE = YES_ERROR;
				CLANG_WARN_DOCUMENTATION_COMMENTS = YES;
				CLANG_WARN_EMPTY_BODY = YES;
				CLANG_WARN_ENUM_CONVERSION = YES;
				CLANG_WARN_INFINITE_RECURSION = YES;
				CLANG_WARN_INT_CONVERSION = YES;
				CLANG_WARN_OBJC_ROOT_CLASS = YES_ERROR;
				CLANG_WARN_SUSPICIOUS_MOVE = YES;
				CLANG_WARN_UNREACHABLE_CODE = YES;
				CLANG_WARN__DUPLICATE_METHOD_MATCH = YES;
				"CODE_SIGN_IDENTITY[sdk=iphoneos*]" = "iPhone Developer";
				COPY_PHASE_STRIP = NO;
				DEBUG_INFORMATION_FORMAT = dwarf;
				ENABLE_STRICT_OBJC_MSGSEND = YES;
				ENABLE_TESTABILITY = YES;
				GCC_C_LANGUAGE_STANDARD = gnu99;
				GCC_DYNAMIC_NO_PIC = NO;
				GCC_NO_COMMON_BLOCKS = YES;
				GCC_OPTIMIZATION_LEVEL = 0;
				GCC_PREPROCESSOR_DEFINITIONS = (
					"DEBUG=1",
					"$(inherited)",
				);
				GCC_WARN_64_TO_32_BIT_CONVERSION = YES;
				GCC_WARN_ABOUT_RETURN_TYPE = YES_ERROR;
				GCC_WARN_UNDECLARED_SELECTOR = YES;
				GCC_WARN_UNINITIALIZED_AUTOS = YES_AGGRESSIVE;
				GCC_WARN_UNUSED_FUNCTION = YES;
				GCC_WARN_UNUSED_VARIABLE = YES;
				IPHONEOS_DEPLOYMENT_TARGET = 10.3;
				MTL_ENABLE_DEBUG_INFO = YES;
				ONLY_ACTIVE_ARCH = YES;
				SDKROOT = iphoneos;
				SWIFT_ACTIVE_COMPILATION_CONDITIONS = DEBUG;
				SWIFT_OPTIMIZATION_LEVEL = "-Onone";
				TARGETED_DEVICE_FAMILY = "1,2";
			};
			name = Debug;
		};
		A98EA2F21F14455300A96F11 /* Release */ = {
			isa = XCBuildConfiguration;
			buildSettings = {
				ALWAYS_SEARCH_USER_PATHS = NO;
				CLANG_ANALYZER_NONNULL = YES;
				CLANG_ANALYZER_NUMBER_OBJECT_CONVERSION = YES_AGGRESSIVE;
				CLANG_CXX_LANGUAGE_STANDARD = "gnu++0x";
				CLANG_CXX_LIBRARY = "libc++";
				CLANG_ENABLE_MODULES = YES;
				CLANG_ENABLE_OBJC_ARC = YES;
				CLANG_WARN_BOOL_CONVERSION = YES;
				CLANG_WARN_CONSTANT_CONVERSION = YES;
				CLANG_WARN_DIRECT_OBJC_ISA_USAGE = YES_ERROR;
				CLANG_WARN_DOCUMENTATION_COMMENTS = YES;
				CLANG_WARN_EMPTY_BODY = YES;
				CLANG_WARN_ENUM_CONVERSION = YES;
				CLANG_WARN_INFINITE_RECURSION = YES;
				CLANG_WARN_INT_CONVERSION = YES;
				CLANG_WARN_OBJC_ROOT_CLASS = YES_ERROR;
				CLANG_WARN_SUSPICIOUS_MOVE = YES;
				CLANG_WARN_UNREACHABLE_CODE = YES;
				CLANG_WARN__DUPLICATE_METHOD_MATCH = YES;
				"CODE_SIGN_IDENTITY[sdk=iphoneos*]" = "iPhone Developer";
				COPY_PHASE_STRIP = NO;
				DEBUG_INFORMATION_FORMAT = "dwarf-with-dsym";
				ENABLE_NS_ASSERTIONS = NO;
				ENABLE_STRICT_OBJC_MSGSEND = YES;
				GCC_C_LANGUAGE_STANDARD = gnu99;
				GCC_NO_COMMON_BLOCKS = YES;
				GCC_WARN_64_TO_32_BIT_CONVERSION = YES;
				GCC_WARN_ABOUT_RETURN_TYPE = YES_ERROR;
				GCC_WARN_UNDECLARED_SELECTOR = YES;
				GCC_WARN_UNINITIALIZED_AUTOS = YES_AGGRESSIVE;
				GCC_WARN_UNUSED_FUNCTION = YES;
				GCC_WARN_UNUSED_VARIABLE = YES;
				IPHONEOS_DEPLOYMENT_TARGET = 10.3;
				MTL_ENABLE_DEBUG_INFO = NO;
				SDKROOT = iphoneos;
				SWIFT_OPTIMIZATION_LEVEL = "-Owholemodule";
				TARGETED_DEVICE_FAMILY = "1,2";
				VALIDATE_PRODUCT = YES;
			};
			name = Release;
		};
		A98EA2F41F14455300A96F11 /* Debug */ = {
			isa = XCBuildConfiguration;
			baseConfigurationReference = BA35AC6014605308E5913477 /* Pods-hitchhikr-development.debug.xcconfig */;
			buildSettings = {
				ASSETCATALOG_COMPILER_APPICON_NAME = AppIcon;
				DEVELOPMENT_TEAM = LAYLS44ZM3;
				INFOPLIST_FILE = "hitchhikr-development/Info.plist";
				LD_RUNPATH_SEARCH_PATHS = "$(inherited) @executable_path/Frameworks";
				PRODUCT_BUNDLE_IDENTIFIER = "com.bwlane.hitchhikr-development";
				PRODUCT_NAME = "$(TARGET_NAME)";
				SWIFT_VERSION = 3.0;
			};
			name = Debug;
		};
		A98EA2F51F14455300A96F11 /* Release */ = {
			isa = XCBuildConfiguration;
			baseConfigurationReference = EC9E239546DC22A822883B2A /* Pods-hitchhikr-development.release.xcconfig */;
			buildSettings = {
				ASSETCATALOG_COMPILER_APPICON_NAME = AppIcon;
				DEVELOPMENT_TEAM = LAYLS44ZM3;
				INFOPLIST_FILE = "hitchhikr-development/Info.plist";
				LD_RUNPATH_SEARCH_PATHS = "$(inherited) @executable_path/Frameworks";
				PRODUCT_BUNDLE_IDENTIFIER = "com.bwlane.hitchhikr-development";
				PRODUCT_NAME = "$(TARGET_NAME)";
				SWIFT_VERSION = 3.0;
			};
			name = Release;
		};
/* End XCBuildConfiguration section */

/* Begin XCConfigurationList section */
		A98EA2DC1F14455300A96F11 /* Build configuration list for PBXProject "hitchhikr-development" */ = {
			isa = XCConfigurationList;
			buildConfigurations = (
				A98EA2F11F14455300A96F11 /* Debug */,
				A98EA2F21F14455300A96F11 /* Release */,
			);
			defaultConfigurationIsVisible = 0;
			defaultConfigurationName = Release;
		};
		A98EA2F31F14455300A96F11 /* Build configuration list for PBXNativeTarget "hitchhikr-development" */ = {
			isa = XCConfigurationList;
			buildConfigurations = (
				A98EA2F41F14455300A96F11 /* Debug */,
				A98EA2F51F14455300A96F11 /* Release */,
			);
			defaultConfigurationIsVisible = 0;
			defaultConfigurationName = Release;
		};
/* End XCConfigurationList section */
	};
	rootObject = A98EA2D91F14455300A96F11 /* Project object */;
}
